
Microsoft Visual Studio Solution File, Format Version 12.00
# Visual Studio Version 17
VisualStudioVersion = 17.0.31903.59
MinimumVisualStudioVersion = 10.0.40219.1
Project("{FAE04EC0-301F-11D3-BF4B-00C04F79EFBC}") = "MakeActions", "src\MakeActions.csproj", "{4FC8363C-4212-4633-A22D-2C78231A9B55}"
EndProject
Project("{FAE04EC0-301F-11D3-BF4B-00C04F79EFBC}") = "MakeActions.Dependencies", "dependencies\MakeActions.Dependencies.csproj", "{AFBE66E9-41CD-4B1D-8EC9-B31472499721}"
EndProject
Project("{FAE04EC0-301F-11D3-BF4B-00C04F79EFBC}") = "MakeActions.Tests", "test\MakeActions.Tests.csproj", "{9D0234FD-11CE-4F4E-A048-19E51445D925}"
EndProject
Global
	GlobalSection(SolutionConfigurationPlatforms) = preSolution
		Debug|Any CPU = Debug|Any CPU
		Release|Any CPU = Release|Any CPU
	EndGlobalSection
	GlobalSection(SolutionProperties) = preSolution
		HideSolutionNode = FALSE
	EndGlobalSection
	GlobalSection(ProjectConfigurationPlatforms) = postSolution
		{4FC8363C-4212-4633-A22D-2C78231A9B55}.Debug|Any CPU.ActiveCfg = Debug|Any CPU
		{4FC8363C-4212-4633-A22D-2C78231A9B55}.Debug|Any CPU.Build.0 = Debug|Any CPU
		{4FC8363C-4212-4633-A22D-2C78231A9B55}.Release|Any CPU.ActiveCfg = Release|Any CPU
		{4FC8363C-4212-4633-A22D-2C78231A9B55}.Release|Any CPU.Build.0 = Release|Any CPU
		{AFBE66E9-41CD-4B1D-8EC9-B31472499721}.Debug|Any CPU.ActiveCfg = Debug|Any CPU
		{AFBE66E9-41CD-4B1D-8EC9-B31472499721}.Debug|Any CPU.Build.0 = Debug|Any CPU
		{AFBE66E9-41CD-4B1D-8EC9-B31472499721}.Release|Any CPU.ActiveCfg = Release|Any CPU
		{AFBE66E9-41CD-4B1D-8EC9-B31472499721}.Release|Any CPU.Build.0 = Release|Any CPU
		{9D0234FD-11CE-4F4E-A048-19E51445D925}.Debug|Any CPU.ActiveCfg = Debug|Any CPU
		{9D0234FD-11CE-4F4E-A048-19E51445D925}.Debug|Any CPU.Build.0 = Debug|Any CPU
		{9D0234FD-11CE-4F4E-A048-19E51445D925}.Release|Any CPU.ActiveCfg = Release|Any CPU
		{9D0234FD-11CE-4F4E-A048-19E51445D925}.Release|Any CPU.Build.0 = Release|Any CPU
	EndGlobalSection
EndGlobal
